Microsoft Visual Studio Solution File, Format Version 12.00
# Visual Studio Version 17
VisualStudioVersion = 17.5.2.0
MinimumVisualStudioVersion = 10.0.40219.1
Project("{FAE04EC0-301F-11D3-BF4B-00C04F79EFBC}") = "ContactsManagerApi", "ContactsManagerApi.csproj", "{E3E4A36F-E112-6ED4-E07D-440245C7E872}"
EndProject
Global
	GlobalSection(SolutionConfigurationPlatforms) = preSolution
		Debug|Any CPU = Debug|Any CPU
		Release|Any CPU = Release|Any CPU
	EndGlobalSection
	GlobalSection(ProjectConfigurationPlatforms) = postSolution
		{E3E4A36F-E112-6ED4-E07D-440245C7E872}.Debug|Any CPU.ActiveCfg = Debug|Any CPU
		{E3E4A36F-E112-6ED4-E07D-440245C7E872}.Debug|Any CPU.Build.0 = Debug|Any CPU
		{E3E4A36F-E112-6ED4-E07D-440245C7E872}.Release|Any CPU.ActiveCfg = Release|Any CPU
		{E3E4A36F-E112-6ED4-E07D-440245C7E872}.Release|Any CPU.Build.0 = Release|Any CPU
	EndGlobalSection
	GlobalSection(SolutionProperties) = preSolution
		HideSolutionNode = FALSE
	EndGlobalSection
	GlobalSection(ExtensibilityGlobals) = postSolution
		SolutionGuid = {4618995E-B6B0-4FF1-AA6A-AEB159A593A3}
	EndGlobalSection
EndGlobal
